// !$*UTF8*$!
{
	archiveVersion = 1;
	classes = {
	};
	objectVersion = 77;
	objects = {

/* Begin PBXContainerItemProxy section */
		AA2D7FAC2D83891000D0AB08 /* PBXContainerItemProxy */ = {
			isa = PBXContainerItemProxy;
			containerPortal = AA2D7F932D83890E00D0AB08 /* Project object */;
			proxyType = 1;
			remoteGlobalIDString = AA2D7F9A2D83890E00D0AB08;
			remoteInfo = Zeta;
		};
		AA2D7FB62D83891000D0AB08 /* PBXContainerItemProxy */ = {
			isa = PBXContainerItemProxy;
			containerPortal = AA2D7F932D83890E00D0AB08 /* Project object */;
			proxyType = 1;
			remoteGlobalIDString = AA2D7F9A2D83890E00D0AB08;
			remoteInfo = Zeta;
		};
/* End PBXContainerItemProxy section */

/* Begin PBXFileReference section */
		AA2D7F9B2D83890E00D0AB08 /* Zeta.app */ = {isa = PBXFileReference; explicitFileType = wrapper.application; includeInIndex = 0; path = Zeta.app; sourceTree = BUILT_PRODUCTS_DIR; };
		AA2D7FAB2D83891000D0AB08 /* ZetaTests.xctest */ = {isa = PBXFileReference; explicitFileType = wrapper.cfbundle; includeInIndex = 0; path = ZetaTests.xctest; sourceTree = BUILT_PRODUCTS_DIR; };
		AA2D7FB52D83891000D0AB08 /* ZetaUITests.xctest */ = {isa = PBXFileReference; explicitFileType = wrapper.cfbundle; includeInIndex = 0; path = ZetaUITests.xctest; sourceTree = BUILT_PRODUCTS_DIR; };
/* End PBXFileReference section */

/* Begin PBXFileSystemSynchronizedRootGroup section */
		AA2D7F9D2D83890E00D0AB08 /* Zeta */ = {
			isa = PBXFileSystemSynchronizedRootGroup;
			path = Zeta;
			sourceTree = "<group>";
		};
		AA2D7FAE2D83891000D0AB08 /* ZetaTests */ = {
			isa = PBXFileSystemSynchronizedRootGroup;
			path = ZetaTests;
			sourceTree = "<group>";
		};
		AA2D7FB82D83891000D0AB08 /* ZetaUITests */ = {
			isa = PBXFileSystemSynchronizedRootGroup;
			path = ZetaUITests;
			sourceTree = "<group>";
		};
/* End PBXFileSystemSynchronizedRootGroup section */

/* Begin PBXFrameworksBuildPhase section */
		AA2D7F982D83890E00D0AB08 /* Frameworks */ = {
			isa = PBXFrameworksBuildPhase;
			buildActionMask = 2147483647;
			files = (
			);
			runOnlyForDeploymentPostprocessing = 0;
		};
		AA2D7FA82D83891000D0AB08 /* Frameworks */ = {
			isa = PBXFrameworksBuildPhase;
			buildActionMask = 2147483647;
			files = (
			);
			runOnlyForDeploymentPostprocessing = 0;
		};
		AA2D7FB22D83891000D0AB08 /* Frameworks */ = {
			isa = PBXFrameworksBuildPhase;
			buildActionMask = 2147483647;
			files = (
			);
			runOnlyForDeploymentPostprocessing = 0;
		};
/* End PBXFrameworksBuildPhase section */

/* Begin PBXGroup section */
		AA2D7F922D83890E00D0AB08 = {
			isa = PBXGroup;
			children = (
				AA2D7F9D2D83890E00D0AB08 /* Zeta */,
				AA2D7FAE2D83891000D0AB08 /* ZetaTests */,
				AA2D7FB82D83891000D0AB08 /* ZetaUITests */,
				AA2D7F9C2D83890E00D0AB08 /* Products */,
			);
			sourceTree = "<group>";
		};
		AA2D7F9C2D83890E00D0AB08 /* Products */ = {
			isa = PBXGroup;
			children = (
				AA2D7F9B2D83890E00D0AB08 /* Zeta.app */,
				AA2D7FAB2D83891000D0AB08 /* ZetaTests.xctest */,
				AA2D7FB52D83891000D0AB08 /* ZetaUITests.xctest */,
			);
			name = Products;
			sourceTree = "<group>";
		};
/* End PBXGroup section */

/* Begin PBXNativeTarget section */
		AA2D7F9A2D83890E00D0AB08 /* Zeta */ = {
			isa = PBXNativeTarget;
			buildConfigurationList = AA2D7FBF2D83891000D0AB08 /* Build configuration list for PBXNativeTarget "Zeta" */;
			buildPhases = (
				AA2D7F972D83890E00D0AB08 /* Sources */,
				AA2D7F982D83890E00D0AB08 /* Frameworks */,
				AA2D7F992D83890E00D0AB08 /* Resources */,
			);
			buildRules = (
			);
			dependencies = (
			);
			fileSystemSynchronizedGroups = (
				AA2D7F9D2D83890E00D0AB08 /* Zeta */,
			);
			name = Zeta;
			packageProductDependencies = (
			);
			productName = Zeta;
			productReference = AA2D7F9B2D83890E00D0AB08 /* Zeta.app */;
			productType = "com.apple.product-type.application";
		};
		AA2D7FAA2D83891000D0AB08 /* ZetaTests */ = {
			isa = PBXNativeTarget;
			buildConfigurationList = AA2D7FC22D83891000D0AB08 /* Build configuration list for PBXNativeTarget "ZetaTests" */;
			buildPhases = (
				AA2D7FA72D83891000D0AB08 /* Sources */,
				AA2D7FA82D83891000D0AB08 /* Frameworks */,
				AA2D7FA92D83891000D0AB08 /* Resources */,
			);
			buildRules = (
			);
			dependencies = (
				AA2D7FAD2D83891000D0AB08 /* PBXTargetDependency */,
			);
			fileSystemSynchronizedGroups = (
				AA2D7FAE2D83891000D0AB08 /* ZetaTests */,
			);
			name = ZetaTests;
			packageProductDependencies = (
			);
			productName = ZetaTests;
			productReference = AA2D7FAB2D83891000D0AB08 /* ZetaTests.xctest */;
			productType = "com.apple.product-type.bundle.unit-test";
		};
		AA2D7FB42D83891000D0AB08 /* ZetaUITests */ = {
			isa = PBXNativeTarget;
			buildConfigurationList = AA2D7FC52D83891000D0AB08 /* Build configuration list for PBXNativeTarget "ZetaUITests" */;
			buildPhases = (
				AA2D7FB12D83891000D0AB08 /* Sources */,
				AA2D7FB22D83891000D0AB08 /* Frameworks */,
				AA2D7FB32D83891000D0AB08 /* Resources */,
			);
			buildRules = (
			);
			dependencies = (
				AA2D7FB72D83891000D0AB08 /* PBXTargetDependency */,
			);
			fileSystemSynchronizedGroups = (
				AA2D7FB82D83891000D0AB08 /* ZetaUITests */,
			);
			name = ZetaUITests;
			packageProductDependencies = (
			);
			productName = ZetaUITests;
			productReference = AA2D7FB52D83891000D0AB08 /* ZetaUITests.xctest */;
			productType = "com.apple.product-type.bundle.ui-testing";
		};
/* End PBXNativeTarget section */

/* Begin PBXProject section */
		AA2D7F932D83890E00D0AB08 /* Project object */ = {
			isa = PBXProject;
			attributes = {
				BuildIndependentTargetsInParallel = 1;
				LastSwiftUpdateCheck = 1620;
				LastUpgradeCheck = 1620;
				TargetAttributes = {
					AA2D7F9A2D83890E00D0AB08 = {
						CreatedOnToolsVersion = 16.2;
					};
					AA2D7FAA2D83891000D0AB08 = {
						CreatedOnToolsVersion = 16.2;
						TestTargetID = AA2D7F9A2D83890E00D0AB08;
					};
					AA2D7FB42D83891000D0AB08 = {
						CreatedOnToolsVersion = 16.2;
						TestTargetID = AA2D7F9A2D83890E00D0AB08;
					};
				};
			};
			buildConfigurationList = AA2D7F962D83890E00D0AB08 /* Build configuration list for PBXProject "Zeta" */;
			developmentRegion = en;
			hasScannedForEncodings = 0;
			knownRegions = (
				en,
				Base,
			);
			mainGroup = AA2D7F922D83890E00D0AB08;
			minimizedProjectReferenceProxies = 1;
			preferredProjectObjectVersion = 77;
			productRefGroup = AA2D7F9C2D83890E00D0AB08 /* Products */;
			projectDirPath = "";
			projectRoot = "";
			targets = (
				AA2D7F9A2D83890E00D0AB08 /* Zeta */,
				AA2D7FAA2D83891000D0AB08 /* ZetaTests */,
				AA2D7FB42D83891000D0AB08 /* ZetaUITests */,
			);
		};
/* End PBXProject section */

/* Begin PBXResourcesBuildPhase section */
		AA2D7F992D83890E00D0AB08 /* Resources */ = {
			isa = PBXResourcesBuildPhase;
			buildActionMask = 2147483647;
			files = (
			);
			runOnlyForDeploymentPostprocessing = 0;
		};
		AA2D7FA92D83891000D0AB08 /* Resources */ = {
			isa = PBXResourcesBuildPhase;
			buildActionMask = 2147483647;
			files = (
			);
			runOnlyForDeploymentPostprocessing = 0;
		};
		AA2D7FB32D83891000D0AB08 /* Resources */ = {
			isa = PBXResourcesBuildPhase;
			buildActionMask = 2147483647;
			files = (
			);
			runOnlyForDeploymentPostprocessing = 0;
		};
/* End PBXResourcesBuildPhase section */

/* Begin PBXSourcesBuildPhase section */
		AA2D7F972D83890E00D0AB08 /* Sources */ = {
			isa = PBXSourcesBuildPhase;
			buildActionMask = 2147483647;
			files = (
			);
			runOnlyForDeploymentPostprocessing = 0;
		};
		AA2D7FA72D83891000D0AB08 /* Sources */ = {
			isa = PBXSourcesBuildPhase;
			buildActionMask = 2147483647;
			files = (
			);
			runOnlyForDeploymentPostprocessing = 0;
		};
		AA2D7FB12D83891000D0AB08 /* Sources */ = {
			isa = PBXSourcesBuildPhase;
			buildActionMask = 2147483647;
			files = (
			);
			runOnlyForDeploymentPostprocessing = 0;
		};
/* End PBXSourcesBuildPhase section */

/* Begin PBXTargetDependency section */
		AA2D7FAD2D83891000D0AB08 /* PBXTargetDependency */ = {
			isa = PBXTargetDependency;
			target = AA2D7F9A2D83890E00D0AB08 /* Zeta */;
			targetProxy = AA2D7FAC2D83891000D0AB08 /* PBXContainerItemProxy */;
		};
		AA2D7FB72D83891000D0AB08 /* PBXTargetDependency */ = {
			isa = PBXTargetDependency;
			target = AA2D7F9A2D83890E00D0AB08 /* Zeta */;
			targetProxy = AA2D7FB62D83891000D0AB08 /* PBXContainerItemProxy */;
		};
/* End PBXTargetDependency section */

/* Begin XCBuildConfiguration section */
		AA2D7FBD2D83891000D0AB08 /* Debug */ = {
			isa = XCBuildConfiguration;
			buildSettings = {
				ALWAYS_SEARCH_USER_PATHS = NO;
				ASSETCATALOG_COMPILER_GENERATE_SWIFT_ASSET_SYMBOL_EXTENSIONS = YES;
				CLANG_ANALYZER_NONNULL = YES;
				CLANG_ANALYZER_NUMBER_OBJECT_CONVERSION = YES_AGGRESSIVE;
				CLANG_CXX_LANGUAGE_STANDARD = "gnu++20";
				CLANG_ENABLE_MODULES = YES;
				CLANG_ENABLE_OBJC_ARC = YES;
				CLANG_ENABLE_OBJC_WEAK = YES;
				CLANG_WARN_BLOCK_CAPTURE_AUTORELEASING = YES;
				CLANG_WARN_BOOL_CONVERSION = YES;
				CLANG_WARN_COMMA = YES;
				CLANG_WARN_CONSTANT_CONVERSION = YES;
				CLANG_WARN_DEPRECATED_OBJC_IMPLEMENTATIONS = YES;
				CLANG_WARN_DIRECT_OBJC_ISA_USAGE = YES_ERROR;
				CLANG_WARN_DOCUMENTATION_COMMENTS = YES;
				CLANG_WARN_EMPTY_BODY = YES;
				CLANG_WARN_ENUM_CONVERSION = YES;
				CLANG_WARN_INFINITE_RECURSION = YES;
				CLANG_WARN_INT_CONVERSION = YES;
				CLANG_WARN_NON_LITERAL_NULL_CONVERSION = YES;
				CLANG_WARN_OBJC_IMPLICIT_RETAIN_SELF = YES;
				CLANG_WARN_OBJC_LITERAL_CONVERSION = YES;
				CLANG_WARN_OBJC_ROOT_CLASS = YES_ERROR;
				CLANG_WARN_QUOTED_INCLUDE_IN_FRAMEWORK_HEADER = YES;
				CLANG_WARN_RANGE_LOOP_ANALYSIS = YES;
				CLANG_WARN_STRICT_PROTOTYPES = YES;
				CLANG_WARN_SUSPICIOUS_MOVE = YES;
				CLANG_WARN_UNGUARDED_AVAILABILITY = YES_AGGRESSIVE;
				CLANG_WARN_UNREACHABLE_CODE = YES;
				CLANG_WARN__DUPLICATE_METHOD_MATCH = YES;
				COPY_PHASE_STRIP = NO;
				DEBUG_INFORMATION_FORMAT = dwarf;
				ENABLE_STRICT_OBJC_MSGSEND = YES;
				ENABLE_TESTABILITY = YES;
				ENABLE_USER_SCRIPT_SANDBOXING = YES;
				GCC_C_LANGUAGE_STANDARD = gnu17;
				GCC_DYNAMIC_NO_PIC = NO;
				GCC_NO_COMMON_BLOCKS = YES;
				GCC_OPTIMIZATION_LEVEL = 0;
				GCC_PREPROCESSOR_DEFINITIONS = (
					"DEBUG=1",
					"$(inherited)",
				);
				GCC_WARN_64_TO_32_BIT_CONVERSION = YES;
				GCC_WARN_ABOUT_RETURN_TYPE = YES_ERROR;
				GCC_WARN_UNDECLARED_SELECTOR = YES;
				GCC_WARN_UNINITIALIZED_AUTOS = YES_AGGRESSIVE;
				GCC_WARN_UNUSED_FUNCTION = YES;
				GCC_WARN_UNUSED_VARIABLE = YES;
				IPHONEOS_DEPLOYMENT_TARGET = 18.2;
				LOCALIZATION_PREFERS_STRING_CATALOGS = YES;
				MTL_ENABLE_DEBUG_INFO = INCLUDE_SOURCE;
				MTL_FAST_MATH = YES;
				ONLY_ACTIVE_ARCH = YES;
				SDKROOT = iphoneos;
				SWIFT_ACTIVE_COMPILATION_CONDITIONS = "DEBUG $(inherited)";
				SWIFT_OPTIMIZATION_LEVEL = "-Onone";
			};
			name = Debug;
		};
		AA2D7FBE2D83891000D0AB08 /* Release */ = {
			isa = XCBuildConfiguration;
			buildSettings = {
				ALWAYS_SEARCH_USER_PATHS = NO;
				ASSETCATALOG_COMPILER_GENERATE_SWIFT_ASSET_SYMBOL_EXTENSIONS = YES;
				CLANG_ANALYZER_NONNULL = YES;
				CLANG_ANALYZER_NUMBER_OBJECT_CONVERSION = YES_AGGRESSIVE;
				CLANG_CXX_LANGUAGE_STANDARD = "gnu++20";
				CLANG_ENABLE_MODULES = YES;
				CLANG_ENABLE_OBJC_ARC = YES;
				CLANG_ENABLE_OBJC_WEAK = YES;
				CLANG_WARN_BLOCK_CAPTURE_AUTORELEASING = YES;
				CLANG_WARN_BOOL_CONVERSION = YES;
				CLANG_WARN_COMMA = YES;
				CLANG_WARN_CONSTANT_CONVERSION = YES;
				CLANG_WARN_DEPRECATED_OBJC_IMPLEMENTATIONS = YES;
				CLANG_WARN_DIRECT_OBJC_ISA_USAGE = YES_ERROR;
				CLANG_WARN_DOCUMENTATION_COMMENTS = YES;
				CLANG_WARN_EMPTY_BODY = YES;
				CLANG_WARN_ENUM_CONVERSION = YES;
				CLANG_WARN_INFINITE_RECURSION = YES;
				CLANG_WARN_INT_CONVERSION = YES;
				CLANG_WARN_NON_LITERAL_NULL_CONVERSION = YES;
				CLANG_WARN_OBJC_IMPLICIT_RETAIN_SELF = YES;
				CLANG_WARN_OBJC_LITERAL_CONVERSION = YES;
				CLANG_WARN_OBJC_ROOT_CLASS = YES_ERROR;
				CLANG_WARN_QUOTED_INCLUDE_IN_FRAMEWORK_HEADER = YES;
				CLANG_WARN_RANGE_LOOP_ANALYSIS = YES;
				CLANG_WARN_STRICT_PROTOTYPES = YES;
				CLANG_WARN_SUSPICIOUS_MOVE = YES;
				CLANG_WARN_UNGUARDED_AVAILABILITY = YES_AGGRESSIVE;
				CLANG_WARN_UNREACHABLE_CODE = YES;
				CLANG_WARN__DUPLICATE_METHOD_MATCH = YES;
				COPY_PHASE_STRIP = NO;
				DEBUG_INFORMATION_FORMAT = "dwarf-with-dsym";
				ENABLE_NS_ASSERTIONS = NO;
				ENABLE_STRICT_OBJC_MSGSEND = YES;
				ENABLE_USER_SCRIPT_SANDBOXING = YES;
				GCC_C_LANGUAGE_STANDARD = gnu17;
				GCC_NO_COMMON_BLOCKS = YES;
				GCC_WARN_64_TO_32_BIT_CONVERSION = YES;
				GCC_WARN_ABOUT_RETURN_TYPE = YES_ERROR;
				GCC_WARN_UNDECLARED_SELECTOR = YES;
				GCC_WARN_UNINITIALIZED_AUTOS = YES_AGGRESSIVE;
				GCC_WARN_UNUSED_FUNCTION = YES;
				GCC_WARN_UNUSED_VARIABLE = YES;
				IPHONEOS_DEPLOYMENT_TARGET = 18.2;
				LOCALIZATION_PREFERS_STRING_CATALOGS = YES;
				MTL_ENABLE_DEBUG_INFO = NO;
				MTL_FAST_MATH = YES;
				SDKROOT = iphoneos;
				SWIFT_COMPILATION_MODE = wholemodule;
				VALIDATE_PRODUCT = YES;
			};
			name = Release;
		};
		AA2D7FC02D83891000D0AB08 /* Debug */ = {
			isa = XCBuildConfiguration;
			buildSettings = {
				ASSETCATALOG_COMPILER_APPICON_NAME = AppIcon;
				ASSETCATALOG_COMPILER_GLOBAL_ACCENT_COLOR_NAME = AccentColor;
				CODE_SIGN_STYLE = Automatic;
				CURRENT_PROJECT_VERSION = 1;
				DEVELOPMENT_ASSET_PATHS = "\"Zeta/Preview Content\"";
				DEVELOPMENT_TEAM = 356ZYCG5SF;
				ENABLE_PREVIEWS = YES;
				GENERATE_INFOPLIST_FILE = YES;
				INFOPLIST_KEY_UIApplicationSceneManifest_Generation = YES;
				INFOPLIST_KEY_UIApplicationSupportsIndirectInputEvents = YES;
				INFOPLIST_KEY_UILaunchScreen_Generation = YES;
				INFOPLIST_KEY_UISupportedInterfaceOrientations_iPad = "UIInterfaceOrientationPortrait UIInterfaceOrientationPortraitUpsideDown UIInterfaceOrientationLandscapeLeft UIInterfaceOrientationLandscapeRight";
				INFOPLIST_KEY_UISupportedInterfaceOrientations_iPhone = "UIInterfaceOrientationPortrait UIInterfaceOrientationLandscapeLeft UIInterfaceOrientationLandscapeRight";
				LD_RUNPATH_SEARCH_PATHS = (
					"$(inherited)",
					"@executable_path/Frameworks",
				);
				MARKETING_VERSION = 1.0;
				PRODUCT_BUNDLE_IDENTIFIER = Aditya.Zeta;
				PRODUCT_NAME = "$(TARGET_NAME)";
				SWIFT_EMIT_LOC_STRINGS = YES;
				SWIFT_VERSION = 5.0;
				TARGETED_DEVICE_FAMILY = "1,2";
			};
			name = Debug;
		};
		AA2D7FC12D83891000D0AB08 /* Release */ = {
			isa = XCBuildConfiguration;
			buildSettings = {
				ASSETCATALOG_COMPILER_APPICON_NAME = AppIcon;
				ASSETCATALOG_COMPILER_GLOBAL_ACCENT_COLOR_NAME = AccentColor;
				CODE_SIGN_STYLE = Automatic;
				CURRENT_PROJECT_VERSION = 1;
				DEVELOPMENT_ASSET_PATHS = "\"Zeta/Preview Content\"";
				DEVELOPMENT_TEAM = 356ZYCG5SF;
				ENABLE_PREVIEWS = YES;
				GENERATE_INFOPLIST_FILE = YES;
				INFOPLIST_KEY_UIApplicationSceneManifest_Generation = YES;
				INFOPLIST_KEY_UIApplicationSupportsIndirectInputEvents = YES;
				INFOPLIST_KEY_UILaunchScreen_Generation = YES;
				INFOPLIST_KEY_UISupportedInterfaceOrientations_iPad = "UIInterfaceOrientationPortrait UIInterfaceOrientationPortraitUpsideDown UIInterfaceOrientationLandscapeLeft UIInterfaceOrientationLandscapeRight";
				INFOPLIST_KEY_UISupportedInterfaceOrientations_iPhone = "UIInterfaceOrientationPortrait UIInterfaceOrientationLandscapeLeft UIInterfaceOrientationLandscapeRight";
				LD_RUNPATH_SEARCH_PATHS = (
					"$(inherited)",
					"@executable_path/Frameworks",
				);
				MARKETING_VERSION = 1.0;
				PRODUCT_BUNDLE_IDENTIFIER = Aditya.Zeta;
				PRODUCT_NAME = "$(TARGET_NAME)";
				SWIFT_EMIT_LOC_STRINGS = YES;
				SWIFT_VERSION = 5.0;
				TARGETED_DEVICE_FAMILY = "1,2";
			};
			name = Release;
		};
		AA2D7FC32D83891000D0AB08 /* Debug */ = {
			isa = XCBuildConfiguration;
			buildSettings = {
				BUNDLE_LOADER = "$(TEST_HOST)";
				CODE_SIGN_STYLE = Automatic;
				CURRENT_PROJECT_VERSION = 1;
				GENERATE_INFOPLIST_FILE = YES;
				IPHONEOS_DEPLOYMENT_TARGET = 18.2;
				MARKETING_VERSION = 1.0;
				PRODUCT_BUNDLE_IDENTIFIER = Aditya.ZetaTests;
				PRODUCT_NAME = "$(TARGET_NAME)";
				SWIFT_EMIT_LOC_STRINGS = NO;
				SWIFT_VERSION = 5.0;
				TARGETED_DEVICE_FAMILY = "1,2";
				TEST_HOST = "$(BUILT_PRODUCTS_DIR)/Zeta.app/$(BUNDLE_EXECUTABLE_FOLDER_PATH)/Zeta";
			};
			name = Debug;
		};
		AA2D7FC42D83891000D0AB08 /* Release */ = {
			isa = XCBuildConfiguration;
			buildSettings = {
				BUNDLE_LOADER = "$(TEST_HOST)";
				CODE_SIGN_STYLE = Automatic;
				CURRENT_PROJECT_VERSION = 1;
				GENERATE_INFOPLIST_FILE = YES;
				IPHONEOS_DEPLOYMENT_TARGET = 18.2;
				MARKETING_VERSION = 1.0;
				PRODUCT_BUNDLE_IDENTIFIER = Aditya.ZetaTests;
				PRODUCT_NAME = "$(TARGET_NAME)";
				SWIFT_EMIT_LOC_STRINGS = NO;
				SWIFT_VERSION = 5.0;
				TARGETED_DEVICE_FAMILY = "1,2";
				TEST_HOST = "$(BUILT_PRODUCTS_DIR)/Zeta.app/$(BUNDLE_EXECUTABLE_FOLDER_PATH)/Zeta";
			};
			name = Release;
		};
		AA2D7FC62D83891000D0AB08 /* Debug */ = {
			isa = XCBuildConfiguration;
			buildSettings = {
				CODE_SIGN_STYLE = Automatic;
				CURRENT_PROJECT_VERSION = 1;
				GENERATE_INFOPLIST_FILE = YES;
				MARKETING_VERSION = 1.0;
				PRODUCT_BUNDLE_IDENTIFIER = Aditya.ZetaUITests;
				PRODUCT_NAME = "$(TARGET_NAME)";
				SWIFT_EMIT_LOC_STRINGS = NO;
				SWIFT_VERSION = 5.0;
				TARGETED_DEVICE_FAMILY = "1,2";
				TEST_TARGET_NAME = Zeta;
			};
			name = Debug;
		};
		AA2D7FC72D83891000D0AB08 /* Release */ = {
			isa = XCBuildConfiguration;
			buildSettings = {
				CODE_SIGN_STYLE = Automatic;
				CURRENT_PROJECT_VERSION = 1;
				GENERATE_INFOPLIST_FILE = YES;
				MARKETING_VERSION = 1.0;
				PRODUCT_BUNDLE_IDENTIFIER = Aditya.ZetaUITests;
				PRODUCT_NAME = "$(TARGET_NAME)";
				SWIFT_EMIT_LOC_STRINGS = NO;
				SWIFT_VERSION = 5.0;
				TARGETED_DEVICE_FAMILY = "1,2";
				TEST_TARGET_NAME = Zeta;
			};
			name = Release;
		};
/* End XCBuildConfiguration section */

/* Begin XCConfigurationList section */
		AA2D7F962D83890E00D0AB08 /* Build configuration list for PBXProject "Zeta" */ = {
			isa = XCConfigurationList;
			buildConfigurations = (
				AA2D7FBD2D83891000D0AB08 /* Debug */,
				AA2D7FBE2D83891000D0AB08 /* Release */,
			);
			defaultConfigurationIsVisible = 0;
			defaultConfigurationName = Release;
		};
		AA2D7FBF2D83891000D0AB08 /* Build configuration list for PBXNativeTarget "Zeta" */ = {
			isa = XCConfigurationList;
			buildConfigurations = (
				AA2D7FC02D83891000D0AB08 /* Debug */,
				AA2D7FC12D83891000D0AB08 /* Release */,
			);
			defaultConfigurationIsVisible = 0;
			defaultConfigurationName = Release;
		};
		AA2D7FC22D83891000D0AB08 /* Build configuration list for PBXNativeTarget "ZetaTests" */ = {
			isa = XCConfigurationList;
			buildConfigurations = (
				AA2D7FC32D83891000D0AB08 /* Debug */,
				AA2D7FC42D83891000D0AB08 /* Release */,
			);
			defaultConfigurationIsVisible = 0;
			defaultConfigurationName = Release;
		};
		AA2D7FC52D83891000D0AB08 /* Build configuration list for PBXNativeTarget "ZetaUITests" */ = {
			isa = XCConfigurationList;
			buildConfigurations = (
				AA2D7FC62D83891000D0AB08 /* Debug */,
				AA2D7FC72D83891000D0AB08 /* Release */,
			);
			defaultConfigurationIsVisible = 0;
			defaultConfigurationName = Release;
		};
/* End XCConfigurationList section */
	};
	rootObject = AA2D7F932D83890E00D0AB08 /* Project object */;
}
